
Microsoft Visual Studio Solution File, Format Version 12.00
# Visual Studio Version 17
VisualStudioVersion = 17.3.32929.385
MinimumVisualStudioVersion = 10.0.40219.1
Project("{9A19103F-16F7-4668-BE54-9A1E7A4F7556}") = "DatabaseLayer", "DatabaseLayer\DatabaseLayer.csproj", "{FE392B37-57C8-430D-984B-FC8BD689DD77}"
EndProject
Project("{9A19103F-16F7-4668-BE54-9A1E7A4F7556}") = "GameLibrary", "GameLibrary\GameLibrary.csproj", "{AE80B3F8-9BBA-4DAB-8B80-2A3A458CF515}"
EndProject
Project("{9A19103F-16F7-4668-BE54-9A1E7A4F7556}") = "Services", "Services\Services.csproj", "{FD44F0E6-04C5-423A-8911-BDF6486FE8A0}"
EndProject
Project("{2150E333-8FDC-42A3-9474-1A3956D46DE8}") = "Solution Items", "Solution Items", "{C10B9D0E-D4DD-4E46-8916-C8AECCD62BE2}"
	ProjectSection(SolutionItems) = preProject
		.gitignore = .gitignore
		README.md = README.md
	EndProjectSection
EndProject
Project("{9A19103F-16F7-4668-BE54-9A1E7A4F7556}") = "Test", "Test\Test.csproj", "{A24589C7-E5B2-4407-A3E3-15F9E1F8BFDB}"
EndProject
Project("{9A19103F-16F7-4668-BE54-9A1E7A4F7556}") = "GameLibraryTests", "GameLibraryTests\GameLibraryTests.csproj", "{837A5A00-8543-4AE3-81F2-517E79839FF8}"
EndProject
Project("{2150E333-8FDC-42A3-9474-1A3956D46DE8}") = "Tests", "Tests", "{F71EA7D9-6205-448A-B9AF-9932D10CED83}"
EndProject
Project("{9A19103F-16F7-4668-BE54-9A1E7A4F7556}") = "DatabaseLayerTests", "DatabaseLayerTests\DatabaseLayerTests.csproj", "{544D35FA-D46D-4460-8925-E6D6C743846B}"
EndProject
Project("{9A19103F-16F7-4668-BE54-9A1E7A4F7556}") = "Shared", "Shared\Shared.csproj", "{A0E9D753-5483-4340-95B2-0E45A098E780}"
EndProject
Project("{FAE04EC0-301F-11D3-BF4B-00C04F79EFBC}") = "BlackJackServer", "BlackJackServer\BlackJackServer.csproj", "{2204B868-8785-47AF-B2BA-21BE1D9FE392}"
EndProject
Global
	GlobalSection(SolutionConfigurationPlatforms) = preSolution
		Debug|Any CPU = Debug|Any CPU
		Release|Any CPU = Release|Any CPU
	EndGlobalSection
	GlobalSection(ProjectConfigurationPlatforms) = postSolution
		{FE392B37-57C8-430D-984B-FC8BD689DD77}.Debug|Any CPU.ActiveCfg = Debug|Any CPU
		{FE392B37-57C8-430D-984B-FC8BD689DD77}.Debug|Any CPU.Build.0 = Debug|Any CPU
		{FE392B37-57C8-430D-984B-FC8BD689DD77}.Release|Any CPU.ActiveCfg = Release|Any CPU
		{FE392B37-57C8-430D-984B-FC8BD689DD77}.Release|Any CPU.Build.0 = Release|Any CPU
		{AE80B3F8-9BBA-4DAB-8B80-2A3A458CF515}.Debug|Any CPU.ActiveCfg = Debug|Any CPU
		{AE80B3F8-9BBA-4DAB-8B80-2A3A458CF515}.Debug|Any CPU.Build.0 = Debug|Any CPU
		{AE80B3F8-9BBA-4DAB-8B80-2A3A458CF515}.Release|Any CPU.ActiveCfg = Release|Any CPU
		{AE80B3F8-9BBA-4DAB-8B80-2A3A458CF515}.Release|Any CPU.Build.0 = Release|Any CPU
		{FD44F0E6-04C5-423A-8911-BDF6486FE8A0}.Debug|Any CPU.ActiveCfg = Debug|Any CPU
		{FD44F0E6-04C5-423A-8911-BDF6486FE8A0}.Debug|Any CPU.Build.0 = Debug|Any CPU
		{FD44F0E6-04C5-423A-8911-BDF6486FE8A0}.Release|Any CPU.ActiveCfg = Release|Any CPU
		{FD44F0E6-04C5-423A-8911-BDF6486FE8A0}.Release|Any CPU.Build.0 = Release|Any CPU
		{A24589C7-E5B2-4407-A3E3-15F9E1F8BFDB}.Debug|Any CPU.ActiveCfg = Debug|Any CPU
		{A24589C7-E5B2-4407-A3E3-15F9E1F8BFDB}.Debug|Any CPU.Build.0 = Debug|Any CPU
		{A24589C7-E5B2-4407-A3E3-15F9E1F8BFDB}.Release|Any CPU.ActiveCfg = Release|Any CPU
		{A24589C7-E5B2-4407-A3E3-15F9E1F8BFDB}.Release|Any CPU.Build.0 = Release|Any CPU
		{837A5A00-8543-4AE3-81F2-517E79839FF8}.Debug|Any CPU.ActiveCfg = Debug|Any CPU
		{837A5A00-8543-4AE3-81F2-517E79839FF8}.Debug|Any CPU.Build.0 = Debug|Any CPU
		{837A5A00-8543-4AE3-81F2-517E79839FF8}.Release|Any CPU.ActiveCfg = Release|Any CPU
		{837A5A00-8543-4AE3-81F2-517E79839FF8}.Release|Any CPU.Build.0 = Release|Any CPU
		{544D35FA-D46D-4460-8925-E6D6C743846B}.Debug|Any CPU.ActiveCfg = Debug|Any CPU
		{544D35FA-D46D-4460-8925-E6D6C743846B}.Debug|Any CPU.Build.0 = Debug|Any CPU
		{544D35FA-D46D-4460-8925-E6D6C743846B}.Release|Any CPU.ActiveCfg = Release|Any CPU
		{544D35FA-D46D-4460-8925-E6D6C743846B}.Release|Any CPU.Build.0 = Release|Any CPU
		{A0E9D753-5483-4340-95B2-0E45A098E780}.Debug|Any CPU.ActiveCfg = Debug|Any CPU
		{A0E9D753-5483-4340-95B2-0E45A098E780}.Debug|Any CPU.Build.0 = Debug|Any CPU
		{A0E9D753-5483-4340-95B2-0E45A098E780}.Release|Any CPU.ActiveCfg = Release|Any CPU
		{A0E9D753-5483-4340-95B2-0E45A098E780}.Release|Any CPU.Build.0 = Release|Any CPU
		{2204B868-8785-47AF-B2BA-21BE1D9FE392}.Debug|Any CPU.ActiveCfg = Debug|Any CPU
		{2204B868-8785-47AF-B2BA-21BE1D9FE392}.Debug|Any CPU.Build.0 = Debug|Any CPU
		{2204B868-8785-47AF-B2BA-21BE1D9FE392}.Release|Any CPU.ActiveCfg = Release|Any CPU
		{2204B868-8785-47AF-B2BA-21BE1D9FE392}.Release|Any CPU.Build.0 = Release|Any CPU
	EndGlobalSection
	GlobalSection(SolutionProperties) = preSolution
		HideSolutionNode = FALSE
	EndGlobalSection
	GlobalSection(NestedProjects) = preSolution
		{837A5A00-8543-4AE3-81F2-517E79839FF8} = {F71EA7D9-6205-448A-B9AF-9932D10CED83}
		{544D35FA-D46D-4460-8925-E6D6C743846B} = {F71EA7D9-6205-448A-B9AF-9932D10CED83}
	EndGlobalSection
	GlobalSection(ExtensibilityGlobals) = postSolution
		SolutionGuid = {38A9842D-E1CB-4132-9898-2E75B930CF65}
	EndGlobalSection
EndGlobal
